
Microsoft Visual Studio Solution File, Format Version 12.00
# Visual Studio Version 17
VisualStudioVersion = 17.14.36401.2 d17.14
MinimumVisualStudioVersion = 10.0.40219.1
Project("{FAE04EC0-301F-11D3-BF4B-00C04F79EFBC}") = "ex2tp1", "ex2tp1\ex2tp1.csproj", "{554E6A70-0287-4181-A2C2-79BCD2336E5C}"
EndProject
Global
	GlobalSection(SolutionConfigurationPlatforms) = preSolution
		Debug|Any CPU = Debug|Any CPU
		Release|Any CPU = Release|Any CPU
	EndGlobalSection
	GlobalSection(ProjectConfigurationPlatforms) = postSolution
		{554E6A70-0287-4181-A2C2-79BCD2336E5C}.Debug|Any CPU.ActiveCfg = Debug|Any CPU
		{554E6A70-0287-4181-A2C2-79BCD2336E5C}.Debug|Any CPU.Build.0 = Debug|Any CPU
		{554E6A70-0287-4181-A2C2-79BCD2336E5C}.Release|Any CPU.ActiveCfg = Release|Any CPU
		{554E6A70-0287-4181-A2C2-79BCD2336E5C}.Release|Any CPU.Build.0 = Release|Any CPU
	EndGlobalSection
	GlobalSection(SolutionProperties) = preSolution
		HideSolutionNode = FALSE
	EndGlobalSection
	GlobalSection(ExtensibilityGlobals) = postSolution
		SolutionGuid = {56BF6694-9181-439F-875F-9566C6A8B85B}
	EndGlobalSection
EndGlobal
